
Microsoft Visual Studio Solution File, Format Version 12.00
# Visual Studio 15
VisualStudioVersion = 15.0.28010.2003
MinimumVisualStudioVersion = 10.0.40219.1
Project("{FAE04EC0-301F-11D3-BF4B-00C04F79EFBC}") = "BazaDateMarinari", "BazaDateMarinari\BazaDateMarinari.csproj", "{CE0C51CD-0A29-493B-9B8C-FF4B9988A954}"
EndProject
Global
	GlobalSection(SolutionConfigurationPlatforms) = preSolution
		Debug|Any CPU = Debug|Any CPU
		Release|Any CPU = Release|Any CPU
	EndGlobalSection
	GlobalSection(ProjectConfigurationPlatforms) = postSolution
		{CE0C51CD-0A29-493B-9B8C-FF4B9988A954}.Debug|Any CPU.ActiveCfg = Debug|Any CPU
		{CE0C51CD-0A29-493B-9B8C-FF4B9988A954}.Debug|Any CPU.Build.0 = Debug|Any CPU
		{CE0C51CD-0A29-493B-9B8C-FF4B9988A954}.Release|Any CPU.ActiveCfg = Release|Any CPU
		{CE0C51CD-0A29-493B-9B8C-FF4B9988A954}.Release|Any CPU.Build.0 = Release|Any CPU
	EndGlobalSection
	GlobalSection(SolutionProperties) = preSolution
		HideSolutionNode = FALSE
	EndGlobalSection
	GlobalSection(ExtensibilityGlobals) = postSolution
		SolutionGuid = {D9F25DB6-403D-407E-A7E9-BDA5F385B320}
	EndGlobalSection
EndGlobal
