
Microsoft Visual Studio Solution File, Format Version 12.00
# Visual Studio 15
VisualStudioVersion = 15.0.28010.2041
MinimumVisualStudioVersion = 10.0.40219.1
Project("{FAE04EC0-301F-11D3-BF4B-00C04F79EFBC}") = "lab3_cabinet_radiologie", "lab3_cabinet_radiologie\lab3_cabinet_radiologie.csproj", "{40F5C860-D3E2-40E5-B07B-8CCBE494CC9F}"
EndProject
Global
	GlobalSection(SolutionConfigurationPlatforms) = preSolution
		Debug|Any CPU = Debug|Any CPU
		Release|Any CPU = Release|Any CPU
	EndGlobalSection
	GlobalSection(ProjectConfigurationPlatforms) = postSolution
		{40F5C860-D3E2-40E5-B07B-8CCBE494CC9F}.Debug|Any CPU.ActiveCfg = Debug|Any CPU
		{40F5C860-D3E2-40E5-B07B-8CCBE494CC9F}.Debug|Any CPU.Build.0 = Debug|Any CPU
		{40F5C860-D3E2-40E5-B07B-8CCBE494CC9F}.Release|Any CPU.ActiveCfg = Release|Any CPU
		{40F5C860-D3E2-40E5-B07B-8CCBE494CC9F}.Release|Any CPU.Build.0 = Release|Any CPU
	EndGlobalSection
	GlobalSection(SolutionProperties) = preSolution
		HideSolutionNode = FALSE
	EndGlobalSection
	GlobalSection(ExtensibilityGlobals) = postSolution
		SolutionGuid = {27C42763-3E1C-4860-8DB4-51BDDD7D2EB5}
	EndGlobalSection
EndGlobal
